
Microsoft Visual Studio Solution File, Format Version 12.00
# Visual Studio Version 17
VisualStudioVersion = 17.13.35507.96 d17.13
MinimumVisualStudioVersion = 10.0.40219.1
Project("{FAE04EC0-301F-11D3-BF4B-00C04F79EFBC}") = "eAppointmentServer.Domain", "eAppointmentServer.Domain\eAppointmentServer.Domain.csproj", "{57593EE6-CD5A-4960-8316-B5A729C05E30}"
EndProject
Project("{FAE04EC0-301F-11D3-BF4B-00C04F79EFBC}") = "eAppointmentServer.Application", "eAppointmentServer.Application\eAppointmentServer.Application.csproj", "{6BE93052-3D9B-45D9-B070-75F900B55518}"
EndProject
Project("{FAE04EC0-301F-11D3-BF4B-00C04F79EFBC}") = "eAppointmentServer.Infrastructure", "eAppointmentServer.Infrastructure\eAppointmentServer.Infrastructure.csproj", "{8B0C81BE-F923-4A86-A759-4849315EB0B3}"
EndProject
Project("{FAE04EC0-301F-11D3-BF4B-00C04F79EFBC}") = "eAppointmentServer.WebAPI", "eAppointmentServer.WebAPI\eAppointmentServer.WebAPI.csproj", "{F70C6508-6673-48B5-A544-582EB77FAD3D}"
EndProject
Global
	GlobalSection(SolutionConfigurationPlatforms) = preSolution
		Debug|Any CPU = Debug|Any CPU
		Release|Any CPU = Release|Any CPU
	EndGlobalSection
	GlobalSection(ProjectConfigurationPlatforms) = postSolution
		{57593EE6-CD5A-4960-8316-B5A729C05E30}.Debug|Any CPU.ActiveCfg = Debug|Any CPU
		{57593EE6-CD5A-4960-8316-B5A729C05E30}.Debug|Any CPU.Build.0 = Debug|Any CPU
		{57593EE6-CD5A-4960-8316-B5A729C05E30}.Release|Any CPU.ActiveCfg = Release|Any CPU
		{57593EE6-CD5A-4960-8316-B5A729C05E30}.Release|Any CPU.Build.0 = Release|Any CPU
		{6BE93052-3D9B-45D9-B070-75F900B55518}.Debug|Any CPU.ActiveCfg = Debug|Any CPU
		{6BE93052-3D9B-45D9-B070-75F900B55518}.Debug|Any CPU.Build.0 = Debug|Any CPU
		{6BE93052-3D9B-45D9-B070-75F900B55518}.Release|Any CPU.ActiveCfg = Release|Any CPU
		{6BE93052-3D9B-45D9-B070-75F900B55518}.Release|Any CPU.Build.0 = Release|Any CPU
		{8B0C81BE-F923-4A86-A759-4849315EB0B3}.Debug|Any CPU.ActiveCfg = Debug|Any CPU
		{8B0C81BE-F923-4A86-A759-4849315EB0B3}.Debug|Any CPU.Build.0 = Debug|Any CPU
		{8B0C81BE-F923-4A86-A759-4849315EB0B3}.Release|Any CPU.ActiveCfg = Release|Any CPU
		{8B0C81BE-F923-4A86-A759-4849315EB0B3}.Release|Any CPU.Build.0 = Release|Any CPU
		{F70C6508-6673-48B5-A544-582EB77FAD3D}.Debug|Any CPU.ActiveCfg = Debug|Any CPU
		{F70C6508-6673-48B5-A544-582EB77FAD3D}.Debug|Any CPU.Build.0 = Debug|Any CPU
		{F70C6508-6673-48B5-A544-582EB77FAD3D}.Release|Any CPU.ActiveCfg = Release|Any CPU
		{F70C6508-6673-48B5-A544-582EB77FAD3D}.Release|Any CPU.Build.0 = Release|Any CPU
	EndGlobalSection
	GlobalSection(SolutionProperties) = preSolution
		HideSolutionNode = FALSE
	EndGlobalSection
	GlobalSection(ExtensibilityGlobals) = postSolution
		SolutionGuid = {CB2E6562-5ED3-4260-BFAC-E7E1D40D4A44}
	EndGlobalSection
EndGlobal
